
Microsoft Visual Studio Solution File, Format Version 12.00
# Visual Studio Version 16
VisualStudioVersion = 16.0.31515.178
MinimumVisualStudioVersion = 10.0.40219.1
Project("{FAE04EC0-301F-11D3-BF4B-00C04F79EFBC}") = "webapi", "webapi\webapi.csproj", "{A72ED9A3-4CBB-4F67-AD22-CBB940BA697A}"
EndProject
Global
	GlobalSection(SolutionConfigurationPlatforms) = preSolution
		Debug|Any CPU = Debug|Any CPU
		Release|Any CPU = Release|Any CPU
	EndGlobalSection
	GlobalSection(ProjectConfigurationPlatforms) = postSolution
		{A72ED9A3-4CBB-4F67-AD22-CBB940BA697A}.Debug|Any CPU.ActiveCfg = Debug|Any CPU
		{A72ED9A3-4CBB-4F67-AD22-CBB940BA697A}.Debug|Any CPU.Build.0 = Debug|Any CPU
		{A72ED9A3-4CBB-4F67-AD22-CBB940BA697A}.Release|Any CPU.ActiveCfg = Release|Any CPU
		{A72ED9A3-4CBB-4F67-AD22-CBB940BA697A}.Release|Any CPU.Build.0 = Release|Any CPU
	EndGlobalSection
	GlobalSection(SolutionProperties) = preSolution
		HideSolutionNode = FALSE
	EndGlobalSection
	GlobalSection(ExtensibilityGlobals) = postSolution
		SolutionGuid = {DEBBA8D3-623F-4491-A470-E1626084373D}
	EndGlobalSection
EndGlobal
